
Microsoft Visual Studio Solution File, Format Version 12.00
# Visual Studio 14
VisualStudioVersion = 14.0.25123.0
MinimumVisualStudioVersion = 10.0.40219.1
Project("{66F7798B-DB37-4287-A704-364E9614767E}") = "Sitecore.Support.301212", "Sitecore.Support.301212\Sitecore.Support.301212.csproj", "{DD63EE44-A830-40EC-BD03-419561D4B66F}"
EndProject
Global
	GlobalSection(SolutionConfigurationPlatforms) = preSolution
		Debug|Any CPU = Debug|Any CPU
		Release|Any CPU = Release|Any CPU
	EndGlobalSection
	GlobalSection(ProjectConfigurationPlatforms) = postSolution
		{DD63EE44-A830-40EC-BD03-419561D4B66F}.Debug|Any CPU.ActiveCfg = Debug|Any CPU
		{DD63EE44-A830-40EC-BD03-419561D4B66F}.Debug|Any CPU.Build.0 = Debug|Any CPU
		{DD63EE44-A830-40EC-BD03-419561D4B66F}.Release|Any CPU.ActiveCfg = Release|Any CPU
		{DD63EE44-A830-40EC-BD03-419561D4B66F}.Release|Any CPU.Build.0 = Release|Any CPU
	EndGlobalSection
	GlobalSection(SolutionProperties) = preSolution
		HideSolutionNode = FALSE
	EndGlobalSection
EndGlobal
